
Microsoft Visual Studio Solution File, Format Version 12.00
# Visual Studio Version 16
VisualStudioVersion = 16.0.30523.141
MinimumVisualStudioVersion = 10.0.40219.1
Project("{9A19103F-16F7-4668-BE54-9A1E7A4F7556}") = "Quantum", "Quantum.csproj", "{BF52FD8C-0CC3-4F89-B433-0EA48A02AD97}"
EndProject
Global
	GlobalSection(SolutionConfigurationPlatforms) = preSolution
		Debug|Any CPU = Debug|Any CPU
		Release|Any CPU = Release|Any CPU
	EndGlobalSection
	GlobalSection(ProjectConfigurationPlatforms) = postSolution
		{BF52FD8C-0CC3-4F89-B433-0EA48A02AD97}.Debug|Any CPU.ActiveCfg = Debug|Any CPU
		{BF52FD8C-0CC3-4F89-B433-0EA48A02AD97}.Debug|Any CPU.Build.0 = Debug|Any CPU
		{BF52FD8C-0CC3-4F89-B433-0EA48A02AD97}.Release|Any CPU.ActiveCfg = Release|Any CPU
		{BF52FD8C-0CC3-4F89-B433-0EA48A02AD97}.Release|Any CPU.Build.0 = Release|Any CPU
	EndGlobalSection
	GlobalSection(SolutionProperties) = preSolution
		HideSolutionNode = FALSE
	EndGlobalSection
	GlobalSection(ExtensibilityGlobals) = postSolution
		SolutionGuid = {E38140DD-B8FA-4040-8671-E563E872E9B4}
	EndGlobalSection
EndGlobal
